// !$*UTF8*$!
{
	archiveVersion = 1;
	classes = {
	};
	objectVersion = 56;
	objects = {

/* Begin PBXBuildFile section */
		990D15332B5DAAC700B38D8C /* ProfileHost.swift in Sources */ = {isa = PBXBuildFile; fileRef = 990D15322B5DAAC700B38D8C /* ProfileHost.swift */; };
		990D15352B5DAB1D00B38D8C /* ProfileSummary.swift in Sources */ = {isa = PBXBuildFile; fileRef = 990D15342B5DAB1D00B38D8C /* ProfileSummary.swift */; };
		990D15372B5DAEC900B38D8C /* ProfileEditor.swift in Sources */ = {isa = PBXBuildFile; fileRef = 990D15362B5DAEC900B38D8C /* ProfileEditor.swift */; };
		998E8C682B5D7A1E00D96057 /* FavoriteButton.swift in Sources */ = {isa = PBXBuildFile; fileRef = 998E8C672B5D7A1E00D96057 /* FavoriteButton.swift */; };
		99A1ABDC2B5A752A00D8D672 /* LandmarksApp.swift in Sources */ = {isa = PBXBuildFile; fileRef = 99A1ABDB2B5A752A00D8D672 /* LandmarksApp.swift */; };
		99A1ABDE2B5A752A00D8D672 /* ContentView.swift in Sources */ = {isa = PBXBuildFile; fileRef = 99A1ABDD2B5A752A00D8D672 /* ContentView.swift */; };
		99A1ABE02B5A752C00D8D672 /* Assets.xcassets in Resources */ = {isa = PBXBuildFile; fileRef = 99A1ABDF2B5A752C00D8D672 /* Assets.xcassets */; };
		99A1ABE42B5A752C00D8D672 /* Preview Assets.xcassets in Resources */ = {isa = PBXBuildFile; fileRef = 99A1ABE32B5A752C00D8D672 /* Preview Assets.xcassets */; };
		99A1ABEB2B5A88BE00D8D672 /* CircleImage.swift in Sources */ = {isa = PBXBuildFile; fileRef = 99A1ABEA2B5A88BE00D8D672 /* CircleImage.swift */; };
		99A1ABED2B5A89CB00D8D672 /* MapView.swift in Sources */ = {isa = PBXBuildFile; fileRef = 99A1ABEC2B5A89CB00D8D672 /* MapView.swift */; };
		99A1ABEF2B5ADD9700D8D672 /* landmarkData.json in Resources */ = {isa = PBXBuildFile; fileRef = 99A1ABEE2B5ADD9700D8D672 /* landmarkData.json */; };
		99A1ABF12B5ADDC600D8D672 /* Landmark.swift in Sources */ = {isa = PBXBuildFile; fileRef = 99A1ABF02B5ADDC600D8D672 /* Landmark.swift */; };
		99A1ABF32B5AE05F00D8D672 /* ModelData.swift in Sources */ = {isa = PBXBuildFile; fileRef = 99A1ABF22B5AE05F00D8D672 /* ModelData.swift */; };
		99A1ABF82B5D684700D8D672 /* LandmarkRow.swift in Sources */ = {isa = PBXBuildFile; fileRef = 99A1ABF72B5D684700D8D672 /* LandmarkRow.swift */; };
		99A1ABFA2B5D6A4700D8D672 /* LandmarkList.swift in Sources */ = {isa = PBXBuildFile; fileRef = 99A1ABF92B5D6A4700D8D672 /* LandmarkList.swift */; };
		99A1ABFC2B5D6C0900D8D672 /* LandmarkDetail.swift in Sources */ = {isa = PBXBuildFile; fileRef = 99A1ABFB2B5D6C0900D8D672 /* LandmarkDetail.swift */; };
		99F369D22B5D9B2B008D64CF /* CategoryHome.swift in Sources */ = {isa = PBXBuildFile; fileRef = 99F369D12B5D9B2B008D64CF /* CategoryHome.swift */; };
		99F369D42B5D9D7C008D64CF /* CategoryRow.swift in Sources */ = {isa = PBXBuildFile; fileRef = 99F369D32B5D9D7C008D64CF /* CategoryRow.swift */; };
		99F369D62B5D9F60008D64CF /* CategoryItem.swift in Sources */ = {isa = PBXBuildFile; fileRef = 99F369D52B5D9F60008D64CF /* CategoryItem.swift */; };
		99F369D82B5DA922008D64CF /* Profile.swift in Sources */ = {isa = PBXBuildFile; fileRef = 99F369D72B5DA922008D64CF /* Profile.swift */; };
/* End PBXBuildFile section */

/* Begin PBXFileReference section */
		990D15322B5DAAC700B38D8C /* ProfileHost.swift */ = {isa = PBXFileReference; lastKnownFileType = sourcecode.swift; path = ProfileHost.swift; sourceTree = "<group>"; };
		990D15342B5DAB1D00B38D8C /* ProfileSummary.swift */ = {isa = PBXFileReference; lastKnownFileType = sourcecode.swift; path = ProfileSummary.swift; sourceTree = "<group>"; };
		990D15362B5DAEC900B38D8C /* ProfileEditor.swift */ = {isa = PBXFileReference; lastKnownFileType = sourcecode.swift; path = ProfileEditor.swift; sourceTree = "<group>"; };
		998E8C672B5D7A1E00D96057 /* FavoriteButton.swift */ = {isa = PBXFileReference; lastKnownFileType = sourcecode.swift; path = FavoriteButton.swift; sourceTree = "<group>"; };
		99A1ABD82B5A752A00D8D672 /* Landmarks.app */ = {isa = PBXFileReference; explicitFileType = wrapper.application; includeInIndex = 0; path = Landmarks.app; sourceTree = BUILT_PRODUCTS_DIR; };
		99A1ABDB2B5A752A00D8D672 /* LandmarksApp.swift */ = {isa = PBXFileReference; lastKnownFileType = sourcecode.swift; path = LandmarksApp.swift; sourceTree = "<group>"; };
		99A1ABDD2B5A752A00D8D672 /* ContentView.swift */ = {isa = PBXFileReference; lastKnownFileType = sourcecode.swift; path = ContentView.swift; sourceTree = "<group>"; };
		99A1ABDF2B5A752C00D8D672 /* Assets.xcassets */ = {isa = PBXFileReference; lastKnownFileType = folder.assetcatalog; path = Assets.xcassets; sourceTree = "<group>"; };
		99A1ABE12B5A752C00D8D672 /* Landmarks.entitlements */ = {isa = PBXFileReference; lastKnownFileType = text.plist.entitlements; path = Landmarks.entitlements; sourceTree = "<group>"; };
		99A1ABE32B5A752C00D8D672 /* Preview Assets.xcassets */ = {isa = PBXFileReference; lastKnownFileType = folder.assetcatalog; path = "Preview Assets.xcassets"; sourceTree = "<group>"; };
		99A1ABEA2B5A88BE00D8D672 /* CircleImage.swift */ = {isa = PBXFileReference; lastKnownFileType = sourcecode.swift; path = CircleImage.swift; sourceTree = "<group>"; };
		99A1ABEC2B5A89CB00D8D672 /* MapView.swift */ = {isa = PBXFileReference; lastKnownFileType = sourcecode.swift; path = MapView.swift; sourceTree = "<group>"; };
		99A1ABEE2B5ADD9700D8D672 /* landmarkData.json */ = {isa = PBXFileReference; fileEncoding = 4; lastKnownFileType = text.json; path = landmarkData.json; sourceTree = "<group>"; };
		99A1ABF02B5ADDC600D8D672 /* Landmark.swift */ = {isa = PBXFileReference; lastKnownFileType = sourcecode.swift; path = Landmark.swift; sourceTree = "<group>"; };
		99A1ABF22B5AE05F00D8D672 /* ModelData.swift */ = {isa = PBXFileReference; lastKnownFileType = sourcecode.swift; path = ModelData.swift; sourceTree = "<group>"; };
		99A1ABF72B5D684700D8D672 /* LandmarkRow.swift */ = {isa = PBXFileReference; lastKnownFileType = sourcecode.swift; path = LandmarkRow.swift; sourceTree = "<group>"; };
		99A1ABF92B5D6A4700D8D672 /* LandmarkList.swift */ = {isa = PBXFileReference; lastKnownFileType = sourcecode.swift; path = LandmarkList.swift; sourceTree = "<group>"; };
		99A1ABFB2B5D6C0900D8D672 /* LandmarkDetail.swift */ = {isa = PBXFileReference; lastKnownFileType = sourcecode.swift; path = LandmarkDetail.swift; sourceTree = "<group>"; };
		99F369D12B5D9B2B008D64CF /* CategoryHome.swift */ = {isa = PBXFileReference; lastKnownFileType = sourcecode.swift; path = CategoryHome.swift; sourceTree = "<group>"; };
		99F369D32B5D9D7C008D64CF /* CategoryRow.swift */ = {isa = PBXFileReference; lastKnownFileType = sourcecode.swift; path = CategoryRow.swift; sourceTree = "<group>"; };
		99F369D52B5D9F60008D64CF /* CategoryItem.swift */ = {isa = PBXFileReference; lastKnownFileType = sourcecode.swift; path = CategoryItem.swift; sourceTree = "<group>"; };
		99F369D72B5DA922008D64CF /* Profile.swift */ = {isa = PBXFileReference; lastKnownFileType = sourcecode.swift; path = Profile.swift; sourceTree = "<group>"; };
/* End PBXFileReference section */

/* Begin PBXFrameworksBuildPhase section */
		99A1ABD52B5A752A00D8D672 /* Frameworks */ = {
			isa = PBXFrameworksBuildPhase;
			buildActionMask = 2147483647;
			files = (
			);
			runOnlyForDeploymentPostprocessing = 0;
		};
/* End PBXFrameworksBuildPhase section */

/* Begin PBXGroup section */
		990D15312B5DAA9C00B38D8C /* Profiles */ = {
			isa = PBXGroup;
			children = (
				990D15322B5DAAC700B38D8C /* ProfileHost.swift */,
				990D15342B5DAB1D00B38D8C /* ProfileSummary.swift */,
				990D15362B5DAEC900B38D8C /* ProfileEditor.swift */,
			);
			path = Profiles;
			sourceTree = "<group>";
		};
		998E8C692B5D7AC700D96057 /* Helpers */ = {
			isa = PBXGroup;
			children = (
				99A1ABEA2B5A88BE00D8D672 /* CircleImage.swift */,
				99A1ABEC2B5A89CB00D8D672 /* MapView.swift */,
				998E8C672B5D7A1E00D96057 /* FavoriteButton.swift */,
			);
			path = Helpers;
			sourceTree = "<group>";
		};
		998E8C6A2B5D7ACD00D96057 /* Landmarks */ = {
			isa = PBXGroup;
			children = (
				99A1ABF72B5D684700D8D672 /* LandmarkRow.swift */,
				99A1ABF92B5D6A4700D8D672 /* LandmarkList.swift */,
				99A1ABFB2B5D6C0900D8D672 /* LandmarkDetail.swift */,
			);
			path = Landmarks;
			sourceTree = "<group>";
		};
		99A1ABCF2B5A752900D8D672 = {
			isa = PBXGroup;
			children = (
				99A1ABDA2B5A752A00D8D672 /* Landmarks */,
				99A1ABD92B5A752A00D8D672 /* Products */,
			);
			sourceTree = "<group>";
		};
		99A1ABD92B5A752A00D8D672 /* Products */ = {
			isa = PBXGroup;
			children = (
				99A1ABD82B5A752A00D8D672 /* Landmarks.app */,
			);
			name = Products;
			sourceTree = "<group>";
		};
		99A1ABDA2B5A752A00D8D672 /* Landmarks */ = {
			isa = PBXGroup;
			children = (
				99A1ABDB2B5A752A00D8D672 /* LandmarksApp.swift */,
				99A1ABF62B5AE11F00D8D672 /* Model */,
				99A1ABF52B5AE11200D8D672 /* Resources */,
				99A1ABDF2B5A752C00D8D672 /* Assets.xcassets */,
				99A1ABF42B5AE0ED00D8D672 /* Views */,
				99A1ABE12B5A752C00D8D672 /* Landmarks.entitlements */,
				99A1ABE22B5A752C00D8D672 /* Preview Content */,
			);
			path = Landmarks;
			sourceTree = "<group>";
		};
		99A1ABE22B5A752C00D8D672 /* Preview Content */ = {
			isa = PBXGroup;
			children = (
				99A1ABE32B5A752C00D8D672 /* Preview Assets.xcassets */,
			);
			path = "Preview Content";
			sourceTree = "<group>";
		};
		99A1ABF42B5AE0ED00D8D672 /* Views */ = {
			isa = PBXGroup;
			children = (
				990D15312B5DAA9C00B38D8C /* Profiles */,
				998E8C692B5D7AC700D96057 /* Helpers */,
				99F369D02B5D9B14008D64CF /* Categories */,
				998E8C6A2B5D7ACD00D96057 /* Landmarks */,
				99A1ABDD2B5A752A00D8D672 /* ContentView.swift */,
			);
			path = Views;
			sourceTree = "<group>";
		};
		99A1ABF52B5AE11200D8D672 /* Resources */ = {
			isa = PBXGroup;
			children = (
				99A1ABEE2B5ADD9700D8D672 /* landmarkData.json */,
			);
			path = Resources;
			sourceTree = "<group>";
		};
		99A1ABF62B5AE11F00D8D672 /* Model */ = {
			isa = PBXGroup;
			children = (
				99A1ABF02B5ADDC600D8D672 /* Landmark.swift */,
				99A1ABF22B5AE05F00D8D672 /* ModelData.swift */,
				99F369D72B5DA922008D64CF /* Profile.swift */,
			);
			path = Model;
			sourceTree = "<group>";
		};
		99F369D02B5D9B14008D64CF /* Categories */ = {
			isa = PBXGroup;
			children = (
				99F369D12B5D9B2B008D64CF /* CategoryHome.swift */,
				99F369D32B5D9D7C008D64CF /* CategoryRow.swift */,
				99F369D52B5D9F60008D64CF /* CategoryItem.swift */,
			);
			path = Categories;
			sourceTree = "<group>";
		};
/* End PBXGroup section */

/* Begin PBXNativeTarget section */
		99A1ABD72B5A752A00D8D672 /* Landmarks */ = {
			isa = PBXNativeTarget;
			buildConfigurationList = 99A1ABE72B5A752C00D8D672 /* Build configuration list for PBXNativeTarget "Landmarks" */;
			buildPhases = (
				99A1ABD42B5A752A00D8D672 /* Sources */,
				99A1ABD52B5A752A00D8D672 /* Frameworks */,
				99A1ABD62B5A752A00D8D672 /* Resources */,
			);
			buildRules = (
			);
			dependencies = (
			);
			name = Landmarks;
			productName = Landmarks;
			productReference = 99A1ABD82B5A752A00D8D672 /* Landmarks.app */;
			productType = "com.apple.product-type.application";
		};
/* End PBXNativeTarget section */

/* Begin PBXProject section */
		99A1ABD02B5A752900D8D672 /* Project object */ = {
			isa = PBXProject;
			attributes = {
				BuildIndependentTargetsInParallel = 1;
				LastSwiftUpdateCheck = 1520;
				LastUpgradeCheck = 1520;
				TargetAttributes = {
					99A1ABD72B5A752A00D8D672 = {
						CreatedOnToolsVersion = 15.2;
					};
				};
			};
			buildConfigurationList = 99A1ABD32B5A752900D8D672 /* Build configuration list for PBXProject "Landmarks" */;
			compatibilityVersion = "Xcode 14.0";
			developmentRegion = en;
			hasScannedForEncodings = 0;
			knownRegions = (
				en,
				Base,
			);
			mainGroup = 99A1ABCF2B5A752900D8D672;
			productRefGroup = 99A1ABD92B5A752A00D8D672 /* Products */;
			projectDirPath = "";
			projectRoot = "";
			targets = (
				99A1ABD72B5A752A00D8D672 /* Landmarks */,
			);
		};
/* End PBXProject section */

/* Begin PBXResourcesBuildPhase section */
		99A1ABD62B5A752A00D8D672 /* Resources */ = {
			isa = PBXResourcesBuildPhase;
			buildActionMask = 2147483647;
			files = (
				99A1ABE42B5A752C00D8D672 /* Preview Assets.xcassets in Resources */,
				99A1ABE02B5A752C00D8D672 /* Assets.xcassets in Resources */,
				99A1ABEF2B5ADD9700D8D672 /* landmarkData.json in Resources */,
			);
			runOnlyForDeploymentPostprocessing = 0;
		};
/* End PBXResourcesBuildPhase section */

/* Begin PBXSourcesBuildPhase section */
		99A1ABD42B5A752A00D8D672 /* Sources */ = {
			isa = PBXSourcesBuildPhase;
			buildActionMask = 2147483647;
			files = (
				99A1ABDE2B5A752A00D8D672 /* ContentView.swift in Sources */,
				99A1ABED2B5A89CB00D8D672 /* MapView.swift in Sources */,
				99A1ABDC2B5A752A00D8D672 /* LandmarksApp.swift in Sources */,
				990D15332B5DAAC700B38D8C /* ProfileHost.swift in Sources */,
				99F369D82B5DA922008D64CF /* Profile.swift in Sources */,
				998E8C682B5D7A1E00D96057 /* FavoriteButton.swift in Sources */,
				99F369D22B5D9B2B008D64CF /* CategoryHome.swift in Sources */,
				99A1ABFA2B5D6A4700D8D672 /* LandmarkList.swift in Sources */,
				99A1ABFC2B5D6C0900D8D672 /* LandmarkDetail.swift in Sources */,
				99A1ABEB2B5A88BE00D8D672 /* CircleImage.swift in Sources */,
				99F369D62B5D9F60008D64CF /* CategoryItem.swift in Sources */,
				99A1ABF12B5ADDC600D8D672 /* Landmark.swift in Sources */,
				99A1ABF82B5D684700D8D672 /* LandmarkRow.swift in Sources */,
				99F369D42B5D9D7C008D64CF /* CategoryRow.swift in Sources */,
				990D15372B5DAEC900B38D8C /* ProfileEditor.swift in Sources */,
				990D15352B5DAB1D00B38D8C /* ProfileSummary.swift in Sources */,
				99A1ABF32B5AE05F00D8D672 /* ModelData.swift in Sources */,
			);
			runOnlyForDeploymentPostprocessing = 0;
		};
/* End PBXSourcesBuildPhase section */

/* Begin XCBuildConfiguration section */
		99A1ABE52B5A752C00D8D672 /* Debug */ = {
			isa = XCBuildConfiguration;
			buildSettings = {
				ALWAYS_SEARCH_USER_PATHS = NO;
				ASSETCATALOG_COMPILER_GENERATE_SWIFT_ASSET_SYMBOL_EXTENSIONS = YES;
				CLANG_ANALYZER_NONNULL = YES;
				CLANG_ANALYZER_NUMBER_OBJECT_CONVERSION = YES_AGGRESSIVE;
				CLANG_CXX_LANGUAGE_STANDARD = "gnu++20";
				CLANG_ENABLE_MODULES = YES;
				CLANG_ENABLE_OBJC_ARC = YES;
				CLANG_ENABLE_OBJC_WEAK = YES;
				CLANG_WARN_BLOCK_CAPTURE_AUTORELEASING = YES;
				CLANG_WARN_BOOL_CONVERSION = YES;
				CLANG_WARN_COMMA = YES;
				CLANG_WARN_CONSTANT_CONVERSION = YES;
				CLANG_WARN_DEPRECATED_OBJC_IMPLEMENTATIONS = YES;
				CLANG_WARN_DIRECT_OBJC_ISA_USAGE = YES_ERROR;
				CLANG_WARN_DOCUMENTATION_COMMENTS = YES;
				CLANG_WARN_EMPTY_BODY = YES;
				CLANG_WARN_ENUM_CONVERSION = YES;
				CLANG_WARN_INFINITE_RECURSION = YES;
				CLANG_WARN_INT_CONVERSION = YES;
				CLANG_WARN_NON_LITERAL_NULL_CONVERSION = YES;
				CLANG_WARN_OBJC_IMPLICIT_RETAIN_SELF = YES;
				CLANG_WARN_OBJC_LITERAL_CONVERSION = YES;
				CLANG_WARN_OBJC_ROOT_CLASS = YES_ERROR;
				CLANG_WARN_QUOTED_INCLUDE_IN_FRAMEWORK_HEADER = YES;
				CLANG_WARN_RANGE_LOOP_ANALYSIS = YES;
				CLANG_WARN_STRICT_PROTOTYPES = YES;
				CLANG_WARN_SUSPICIOUS_MOVE = YES;
				CLANG_WARN_UNGUARDED_AVAILABILITY = YES_AGGRESSIVE;
				CLANG_WARN_UNREACHABLE_CODE = YES;
				CLANG_WARN__DUPLICATE_METHOD_MATCH = YES;
				COPY_PHASE_STRIP = NO;
				DEBUG_INFORMATION_FORMAT = dwarf;
				ENABLE_STRICT_OBJC_MSGSEND = YES;
				ENABLE_TESTABILITY = YES;
				ENABLE_USER_SCRIPT_SANDBOXING = YES;
				GCC_C_LANGUAGE_STANDARD = gnu17;
				GCC_DYNAMIC_NO_PIC = NO;
				GCC_NO_COMMON_BLOCKS = YES;
				GCC_OPTIMIZATION_LEVEL = 0;
				GCC_PREPROCESSOR_DEFINITIONS = (
					"DEBUG=1",
					"$(inherited)",
				);
				GCC_WARN_64_TO_32_BIT_CONVERSION = YES;
				GCC_WARN_ABOUT_RETURN_TYPE = YES_ERROR;
				GCC_WARN_UNDECLARED_SELECTOR = YES;
				GCC_WARN_UNINITIALIZED_AUTOS = YES_AGGRESSIVE;
				GCC_WARN_UNUSED_FUNCTION = YES;
				GCC_WARN_UNUSED_VARIABLE = YES;
				LOCALIZATION_PREFERS_STRING_CATALOGS = YES;
				MTL_ENABLE_DEBUG_INFO = INCLUDE_SOURCE;
				MTL_FAST_MATH = YES;
				ONLY_ACTIVE_ARCH = YES;
				SWIFT_ACTIVE_COMPILATION_CONDITIONS = "DEBUG $(inherited)";
				SWIFT_OPTIMIZATION_LEVEL = "-Onone";
			};
			name = Debug;
		};
		99A1ABE62B5A752C00D8D672 /* Release */ = {
			isa = XCBuildConfiguration;
			buildSettings = {
				ALWAYS_SEARCH_USER_PATHS = NO;
				ASSETCATALOG_COMPILER_GENERATE_SWIFT_ASSET_SYMBOL_EXTENSIONS = YES;
				CLANG_ANALYZER_NONNULL = YES;
				CLANG_ANALYZER_NUMBER_OBJECT_CONVERSION = YES_AGGRESSIVE;
				CLANG_CXX_LANGUAGE_STANDARD = "gnu++20";
				CLANG_ENABLE_MODULES = YES;
				CLANG_ENABLE_OBJC_ARC = YES;
				CLANG_ENABLE_OBJC_WEAK = YES;
				CLANG_WARN_BLOCK_CAPTURE_AUTORELEASING = YES;
				CLANG_WARN_BOOL_CONVERSION = YES;
				CLANG_WARN_COMMA = YES;
				CLANG_WARN_CONSTANT_CONVERSION = YES;
				CLANG_WARN_DEPRECATED_OBJC_IMPLEMENTATIONS = YES;
				CLANG_WARN_DIRECT_OBJC_ISA_USAGE = YES_ERROR;
				CLANG_WARN_DOCUMENTATION_COMMENTS = YES;
				CLANG_WARN_EMPTY_BODY = YES;
				CLANG_WARN_ENUM_CONVERSION = YES;
				CLANG_WARN_INFINITE_RECURSION = YES;
				CLANG_WARN_INT_CONVERSION = YES;
				CLANG_WARN_NON_LITERAL_NULL_CONVERSION = YES;
				CLANG_WARN_OBJC_IMPLICIT_RETAIN_SELF = YES;
				CLANG_WARN_OBJC_LITERAL_CONVERSION = YES;
				CLANG_WARN_OBJC_ROOT_CLASS = YES_ERROR;
				CLANG_WARN_QUOTED_INCLUDE_IN_FRAMEWORK_HEADER = YES;
				CLANG_WARN_RANGE_LOOP_ANALYSIS = YES;
				CLANG_WARN_STRICT_PROTOTYPES = YES;
				CLANG_WARN_SUSPICIOUS_MOVE = YES;
				CLANG_WARN_UNGUARDED_AVAILABILITY = YES_AGGRESSIVE;
				CLANG_WARN_UNREACHABLE_CODE = YES;
				CLANG_WARN__DUPLICATE_METHOD_MATCH = YES;
				COPY_PHASE_STRIP = NO;
				DEBUG_INFORMATION_FORMAT = "dwarf-with-dsym";
				ENABLE_NS_ASSERTIONS = NO;
				ENABLE_STRICT_OBJC_MSGSEND = YES;
				ENABLE_USER_SCRIPT_SANDBOXING = YES;
				GCC_C_LANGUAGE_STANDARD = gnu17;
				GCC_NO_COMMON_BLOCKS = YES;
				GCC_WARN_64_TO_32_BIT_CONVERSION = YES;
				GCC_WARN_ABOUT_RETURN_TYPE = YES_ERROR;
				GCC_WARN_UNDECLARED_SELECTOR = YES;
				GCC_WARN_UNINITIALIZED_AUTOS = YES_AGGRESSIVE;
				GCC_WARN_UNUSED_FUNCTION = YES;
				GCC_WARN_UNUSED_VARIABLE = YES;
				LOCALIZATION_PREFERS_STRING_CATALOGS = YES;
				MTL_ENABLE_DEBUG_INFO = NO;
				MTL_FAST_MATH = YES;
				SWIFT_COMPILATION_MODE = wholemodule;
			};
			name = Release;
		};
		99A1ABE82B5A752C00D8D672 /* Debug */ = {
			isa = XCBuildConfiguration;
			buildSettings = {
				ASSETCATALOG_COMPILER_APPICON_NAME = AppIcon;
				ASSETCATALOG_COMPILER_GLOBAL_ACCENT_COLOR_NAME = AccentColor;
				CODE_SIGN_ENTITLEMENTS = Landmarks/Landmarks.entitlements;
				CODE_SIGN_IDENTITY = "Apple Development";
				CODE_SIGN_STYLE = Automatic;
				CURRENT_PROJECT_VERSION = 1;
				DEVELOPMENT_ASSET_PATHS = "\"Landmarks/Preview Content\"";
				DEVELOPMENT_TEAM = D3CP8WWW57;
				ENABLE_PREVIEWS = YES;
				GENERATE_INFOPLIST_FILE = YES;
				"INFOPLIST_KEY_UIApplicationSceneManifest_Generation[sdk=iphoneos*]" = YES;
				"INFOPLIST_KEY_UIApplicationSceneManifest_Generation[sdk=iphonesimulator*]" = YES;
				"INFOPLIST_KEY_UIApplicationSupportsIndirectInputEvents[sdk=iphoneos*]" = YES;
				"INFOPLIST_KEY_UIApplicationSupportsIndirectInputEvents[sdk=iphonesimulator*]" = YES;
				"INFOPLIST_KEY_UILaunchScreen_Generation[sdk=iphoneos*]" = YES;
				"INFOPLIST_KEY_UILaunchScreen_Generation[sdk=iphonesimulator*]" = YES;
				"INFOPLIST_KEY_UIStatusBarStyle[sdk=iphoneos*]" = UIStatusBarStyleDefault;
				"INFOPLIST_KEY_UIStatusBarStyle[sdk=iphonesimulator*]" = UIStatusBarStyleDefault;
				INFOPLIST_KEY_UISupportedInterfaceOrientations_iPad = "UIInterfaceOrientationPortrait UIInterfaceOrientationPortraitUpsideDown UIInterfaceOrientationLandscapeLeft UIInterfaceOrientationLandscapeRight";
				INFOPLIST_KEY_UISupportedInterfaceOrientations_iPhone = "UIInterfaceOrientationPortrait UIInterfaceOrientationLandscapeLeft UIInterfaceOrientationLandscapeRight";
				IPHONEOS_DEPLOYMENT_TARGET = 17.2;
				LD_RUNPATH_SEARCH_PATHS = "@executable_path/Frameworks";
				"LD_RUNPATH_SEARCH_PATHS[sdk=macosx*]" = "@executable_path/../Frameworks";
				MACOSX_DEPLOYMENT_TARGET = 14.2;
				MARKETING_VERSION = 1.0;
				PRODUCT_BUNDLE_IDENTIFIER = com.sampittko.LandmarksTutorial;
				PRODUCT_NAME = "$(TARGET_NAME)";
				PROVISIONING_PROFILE_SPECIFIER = "";
				SDKROOT = auto;
				SUPPORTED_PLATFORMS = "iphoneos iphonesimulator macosx";
				SWIFT_EMIT_LOC_STRINGS = YES;
				SWIFT_VERSION = 5.0;
				TARGETED_DEVICE_FAMILY = "1,2";
			};
			name = Debug;
		};
		99A1ABE92B5A752C00D8D672 /* Release */ = {
			isa = XCBuildConfiguration;
			buildSettings = {
				ASSETCATALOG_COMPILER_APPICON_NAME = AppIcon;
				ASSETCATALOG_COMPILER_GLOBAL_ACCENT_COLOR_NAME = AccentColor;
				CODE_SIGN_ENTITLEMENTS = Landmarks/Landmarks.entitlements;
				CODE_SIGN_IDENTITY = "Apple Development";
				CODE_SIGN_STYLE = Automatic;
				CURRENT_PROJECT_VERSION = 1;
				DEVELOPMENT_ASSET_PATHS = "\"Landmarks/Preview Content\"";
				DEVELOPMENT_TEAM = D3CP8WWW57;
				ENABLE_PREVIEWS = YES;
				GENERATE_INFOPLIST_FILE = YES;
				"INFOPLIST_KEY_UIApplicationSceneManifest_Generation[sdk=iphoneos*]" = YES;
				"INFOPLIST_KEY_UIApplicationSceneManifest_Generation[sdk=iphonesimulator*]" = YES;
				"INFOPLIST_KEY_UIApplicationSupportsIndirectInputEvents[sdk=iphoneos*]" = YES;
				"INFOPLIST_KEY_UIApplicationSupportsIndirectInputEvents[sdk=iphonesimulator*]" = YES;
				"INFOPLIST_KEY_UILaunchScreen_Generation[sdk=iphoneos*]" = YES;
				"INFOPLIST_KEY_UILaunchScreen_Generation[sdk=iphonesimulator*]" = YES;
				"INFOPLIST_KEY_UIStatusBarStyle[sdk=iphoneos*]" = UIStatusBarStyleDefault;
				"INFOPLIST_KEY_UIStatusBarStyle[sdk=iphonesimulator*]" = UIStatusBarStyleDefault;
				INFOPLIST_KEY_UISupportedInterfaceOrientations_iPad = "UIInterfaceOrientationPortrait UIInterfaceOrientationPortraitUpsideDown UIInterfaceOrientationLandscapeLeft UIInterfaceOrientationLandscapeRight";
				INFOPLIST_KEY_UISupportedInterfaceOrientations_iPhone = "UIInterfaceOrientationPortrait UIInterfaceOrientationLandscapeLeft UIInterfaceOrientationLandscapeRight";
				IPHONEOS_DEPLOYMENT_TARGET = 17.2;
				LD_RUNPATH_SEARCH_PATHS = "@executable_path/Frameworks";
				"LD_RUNPATH_SEARCH_PATHS[sdk=macosx*]" = "@executable_path/../Frameworks";
				MACOSX_DEPLOYMENT_TARGET = 14.2;
				MARKETING_VERSION = 1.0;
				PRODUCT_BUNDLE_IDENTIFIER = com.sampittko.LandmarksTutorial;
				PRODUCT_NAME = "$(TARGET_NAME)";
				PROVISIONING_PROFILE_SPECIFIER = "";
				SDKROOT = auto;
				SUPPORTED_PLATFORMS = "iphoneos iphonesimulator macosx";
				SWIFT_EMIT_LOC_STRINGS = YES;
				SWIFT_VERSION = 5.0;
				TARGETED_DEVICE_FAMILY = "1,2";
			};
			name = Release;
		};
/* End XCBuildConfiguration section */

/* Begin XCConfigurationList section */
		99A1ABD32B5A752900D8D672 /* Build configuration list for PBXProject "Landmarks" */ = {
			isa = XCConfigurationList;
			buildConfigurations = (
				99A1ABE52B5A752C00D8D672 /* Debug */,
				99A1ABE62B5A752C00D8D672 /* Release */,
			);
			defaultConfigurationIsVisible = 0;
			defaultConfigurationName = Release;
		};
		99A1ABE72B5A752C00D8D672 /* Build configuration list for PBXNativeTarget "Landmarks" */ = {
			isa = XCConfigurationList;
			buildConfigurations = (
				99A1ABE82B5A752C00D8D672 /* Debug */,
				99A1ABE92B5A752C00D8D672 /* Release */,
			);
			defaultConfigurationIsVisible = 0;
			defaultConfigurationName = Release;
		};
/* End XCConfigurationList section */
	};
	rootObject = 99A1ABD02B5A752900D8D672 /* Project object */;
}
